
Microsoft Visual Studio Solution File, Format Version 12.00
# Visual Studio Version 16
VisualStudioVersion = 16.0.32630.194
MinimumVisualStudioVersion = 10.0.40219.1
Project("{FAE04EC0-301F-11D3-BF4B-00C04F79EFBC}") = "AulaExtensionMethods", "AulaExtensionMethods\AulaExtensionMethods.csproj", "{7FCE4A00-0F20-4B82-85DB-26B10E0F77F9}"
EndProject
Global
	GlobalSection(SolutionConfigurationPlatforms) = preSolution
		Debug|Any CPU = Debug|Any CPU
		Release|Any CPU = Release|Any CPU
	EndGlobalSection
	GlobalSection(ProjectConfigurationPlatforms) = postSolution
		{7FCE4A00-0F20-4B82-85DB-26B10E0F77F9}.Debug|Any CPU.ActiveCfg = Debug|Any CPU
		{7FCE4A00-0F20-4B82-85DB-26B10E0F77F9}.Debug|Any CPU.Build.0 = Debug|Any CPU
		{7FCE4A00-0F20-4B82-85DB-26B10E0F77F9}.Release|Any CPU.ActiveCfg = Release|Any CPU
		{7FCE4A00-0F20-4B82-85DB-26B10E0F77F9}.Release|Any CPU.Build.0 = Release|Any CPU
	EndGlobalSection
	GlobalSection(SolutionProperties) = preSolution
		HideSolutionNode = FALSE
	EndGlobalSection
	GlobalSection(ExtensibilityGlobals) = postSolution
		SolutionGuid = {47CED062-BA71-4BC9-AFF7-65510D463464}
	EndGlobalSection
EndGlobal
