
Microsoft Visual Studio Solution File, Format Version 12.00
# Visual Studio Version 16
VisualStudioVersion = 16.0.32630.194
MinimumVisualStudioVersion = 10.0.40219.1
Project("{FAE04EC0-301F-11D3-BF4B-00C04F79EFBC}") = "Usando_Path", "Usando_Path\Usando_Path.csproj", "{FE6C5959-3DF5-4F0E-8A73-0ACD08F5933B}"
EndProject
Global
	GlobalSection(SolutionConfigurationPlatforms) = preSolution
		Debug|Any CPU = Debug|Any CPU
		Release|Any CPU = Release|Any CPU
	EndGlobalSection
	GlobalSection(ProjectConfigurationPlatforms) = postSolution
		{FE6C5959-3DF5-4F0E-8A73-0ACD08F5933B}.Debug|Any CPU.ActiveCfg = Debug|Any CPU
		{FE6C5959-3DF5-4F0E-8A73-0ACD08F5933B}.Debug|Any CPU.Build.0 = Debug|Any CPU
		{FE6C5959-3DF5-4F0E-8A73-0ACD08F5933B}.Release|Any CPU.ActiveCfg = Release|Any CPU
		{FE6C5959-3DF5-4F0E-8A73-0ACD08F5933B}.Release|Any CPU.Build.0 = Release|Any CPU
	EndGlobalSection
	GlobalSection(SolutionProperties) = preSolution
		HideSolutionNode = FALSE
	EndGlobalSection
	GlobalSection(ExtensibilityGlobals) = postSolution
		SolutionGuid = {BFF758B3-C5EE-4814-8527-776E01AEBF1F}
	EndGlobalSection
EndGlobal
