
Microsoft Visual Studio Solution File, Format Version 12.00
# Visual Studio Version 16
VisualStudioVersion = 16.0.32630.194
MinimumVisualStudioVersion = 10.0.40219.1
Project("{FAE04EC0-301F-11D3-BF4B-00C04F79EFBC}") = "MetodoAbstrato", "MetodoAbstrato\MetodoAbstrato.csproj", "{8D7C739C-AE28-46BF-AE58-D0E061389C36}"
EndProject
Global
	GlobalSection(SolutionConfigurationPlatforms) = preSolution
		Debug|Any CPU = Debug|Any CPU
		Release|Any CPU = Release|Any CPU
	EndGlobalSection
	GlobalSection(ProjectConfigurationPlatforms) = postSolution
		{8D7C739C-AE28-46BF-AE58-D0E061389C36}.Debug|Any CPU.ActiveCfg = Debug|Any CPU
		{8D7C739C-AE28-46BF-AE58-D0E061389C36}.Debug|Any CPU.Build.0 = Debug|Any CPU
		{8D7C739C-AE28-46BF-AE58-D0E061389C36}.Release|Any CPU.ActiveCfg = Release|Any CPU
		{8D7C739C-AE28-46BF-AE58-D0E061389C36}.Release|Any CPU.Build.0 = Release|Any CPU
	EndGlobalSection
	GlobalSection(SolutionProperties) = preSolution
		HideSolutionNode = FALSE
	EndGlobalSection
	GlobalSection(ExtensibilityGlobals) = postSolution
		SolutionGuid = {8E1BE88F-DFE8-489B-A49C-D7338278AD19}
	EndGlobalSection
EndGlobal
