
Microsoft Visual Studio Solution File, Format Version 12.00
# Visual Studio Version 16
VisualStudioVersion = 16.0.32630.194
MinimumVisualStudioVersion = 10.0.40219.1
Project("{FAE04EC0-301F-11D3-BF4B-00C04F79EFBC}") = "Matrizes", "Matrizes\Matrizes.csproj", "{59A3B47C-0505-4F32-9864-641A924E5CD1}"
EndProject
Global
	GlobalSection(SolutionConfigurationPlatforms) = preSolution
		Debug|Any CPU = Debug|Any CPU
		Release|Any CPU = Release|Any CPU
	EndGlobalSection
	GlobalSection(ProjectConfigurationPlatforms) = postSolution
		{59A3B47C-0505-4F32-9864-641A924E5CD1}.Debug|Any CPU.ActiveCfg = Debug|Any CPU
		{59A3B47C-0505-4F32-9864-641A924E5CD1}.Debug|Any CPU.Build.0 = Debug|Any CPU
		{59A3B47C-0505-4F32-9864-641A924E5CD1}.Release|Any CPU.ActiveCfg = Release|Any CPU
		{59A3B47C-0505-4F32-9864-641A924E5CD1}.Release|Any CPU.Build.0 = Release|Any CPU
	EndGlobalSection
	GlobalSection(SolutionProperties) = preSolution
		HideSolutionNode = FALSE
	EndGlobalSection
	GlobalSection(ExtensibilityGlobals) = postSolution
		SolutionGuid = {F5BB069F-361D-4167-A21A-9A89FA7167F2}
	EndGlobalSection
EndGlobal
