
Microsoft Visual Studio Solution File, Format Version 12.00
# Visual Studio Version 16
VisualStudioVersion = 16.0.32630.194
MinimumVisualStudioVersion = 10.0.40219.1
Project("{FAE04EC0-301F-11D3-BF4B-00C04F79EFBC}") = "Usando_StreamWriter", "Usando_StreamWriter\Usando_StreamWriter.csproj", "{6E2ECECD-F65D-42AF-A33B-F0F3D8BEE1B5}"
EndProject
Global
	GlobalSection(SolutionConfigurationPlatforms) = preSolution
		Debug|Any CPU = Debug|Any CPU
		Release|Any CPU = Release|Any CPU
	EndGlobalSection
	GlobalSection(ProjectConfigurationPlatforms) = postSolution
		{6E2ECECD-F65D-42AF-A33B-F0F3D8BEE1B5}.Debug|Any CPU.ActiveCfg = Debug|Any CPU
		{6E2ECECD-F65D-42AF-A33B-F0F3D8BEE1B5}.Debug|Any CPU.Build.0 = Debug|Any CPU
		{6E2ECECD-F65D-42AF-A33B-F0F3D8BEE1B5}.Release|Any CPU.ActiveCfg = Release|Any CPU
		{6E2ECECD-F65D-42AF-A33B-F0F3D8BEE1B5}.Release|Any CPU.Build.0 = Release|Any CPU
	EndGlobalSection
	GlobalSection(SolutionProperties) = preSolution
		HideSolutionNode = FALSE
	EndGlobalSection
	GlobalSection(ExtensibilityGlobals) = postSolution
		SolutionGuid = {D033D7E7-0CE9-4F68-8F44-88A933B851B9}
	EndGlobalSection
EndGlobal
