
Microsoft Visual Studio Solution File, Format Version 12.00
# Visual Studio Version 16
VisualStudioVersion = 16.0.32630.194
MinimumVisualStudioVersion = 10.0.40219.1
Project("{FAE04EC0-301F-11D3-BF4B-00C04F79EFBC}") = "InterfaceExercicioContrato", "InterfaceExercicioContrato\InterfaceExercicioContrato.csproj", "{B464E0EF-6C62-4C33-A100-467F9198E89E}"
EndProject
Global
	GlobalSection(SolutionConfigurationPlatforms) = preSolution
		Debug|Any CPU = Debug|Any CPU
		Release|Any CPU = Release|Any CPU
	EndGlobalSection
	GlobalSection(ProjectConfigurationPlatforms) = postSolution
		{B464E0EF-6C62-4C33-A100-467F9198E89E}.Debug|Any CPU.ActiveCfg = Debug|Any CPU
		{B464E0EF-6C62-4C33-A100-467F9198E89E}.Debug|Any CPU.Build.0 = Debug|Any CPU
		{B464E0EF-6C62-4C33-A100-467F9198E89E}.Release|Any CPU.ActiveCfg = Release|Any CPU
		{B464E0EF-6C62-4C33-A100-467F9198E89E}.Release|Any CPU.Build.0 = Release|Any CPU
	EndGlobalSection
	GlobalSection(SolutionProperties) = preSolution
		HideSolutionNode = FALSE
	EndGlobalSection
	GlobalSection(ExtensibilityGlobals) = postSolution
		SolutionGuid = {2F59270D-227E-47AF-967A-978015D886A6}
	EndGlobalSection
EndGlobal
