
Microsoft Visual Studio Solution File, Format Version 12.00
# Visual Studio Version 16
VisualStudioVersion = 16.0.32630.194
MinimumVisualStudioVersion = 10.0.40219.1
Project("{FAE04EC0-301F-11D3-BF4B-00C04F79EFBC}") = "Generics_restricao", "Generics_restricao\Generics_restricao.csproj", "{435B6450-3F37-4E34-9C87-43F05807FC48}"
EndProject
Global
	GlobalSection(SolutionConfigurationPlatforms) = preSolution
		Debug|Any CPU = Debug|Any CPU
		Release|Any CPU = Release|Any CPU
	EndGlobalSection
	GlobalSection(ProjectConfigurationPlatforms) = postSolution
		{435B6450-3F37-4E34-9C87-43F05807FC48}.Debug|Any CPU.ActiveCfg = Debug|Any CPU
		{435B6450-3F37-4E34-9C87-43F05807FC48}.Debug|Any CPU.Build.0 = Debug|Any CPU
		{435B6450-3F37-4E34-9C87-43F05807FC48}.Release|Any CPU.ActiveCfg = Release|Any CPU
		{435B6450-3F37-4E34-9C87-43F05807FC48}.Release|Any CPU.Build.0 = Release|Any CPU
	EndGlobalSection
	GlobalSection(SolutionProperties) = preSolution
		HideSolutionNode = FALSE
	EndGlobalSection
	GlobalSection(ExtensibilityGlobals) = postSolution
		SolutionGuid = {C56EF2C7-04EE-42A1-B383-2E4CB8A1F1F0}
	EndGlobalSection
EndGlobal
