
Microsoft Visual Studio Solution File, Format Version 12.00
# Visual Studio Version 16
VisualStudioVersion = 16.0.32630.194
MinimumVisualStudioVersion = 10.0.40219.1
Project("{FAE04EC0-301F-11D3-BF4B-00C04F79EFBC}") = "FixacaoPropertiesConstructorsEncapsulament", "FixacaoPropertiesConstructorsEncapsulament\FixacaoPropertiesConstructorsEncapsulament.csproj", "{84981B1A-E006-49E4-9481-41D2C3373451}"
EndProject
Global
	GlobalSection(SolutionConfigurationPlatforms) = preSolution
		Debug|Any CPU = Debug|Any CPU
		Release|Any CPU = Release|Any CPU
	EndGlobalSection
	GlobalSection(ProjectConfigurationPlatforms) = postSolution
		{84981B1A-E006-49E4-9481-41D2C3373451}.Debug|Any CPU.ActiveCfg = Debug|Any CPU
		{84981B1A-E006-49E4-9481-41D2C3373451}.Debug|Any CPU.Build.0 = Debug|Any CPU
		{84981B1A-E006-49E4-9481-41D2C3373451}.Release|Any CPU.ActiveCfg = Release|Any CPU
		{84981B1A-E006-49E4-9481-41D2C3373451}.Release|Any CPU.Build.0 = Release|Any CPU
	EndGlobalSection
	GlobalSection(SolutionProperties) = preSolution
		HideSolutionNode = FALSE
	EndGlobalSection
	GlobalSection(ExtensibilityGlobals) = postSolution
		SolutionGuid = {BD672C5D-C427-418F-AE80-47558250D4AF}
	EndGlobalSection
EndGlobal
