
Microsoft Visual Studio Solution File, Format Version 12.00
# Visual Studio Version 16
VisualStudioVersion = 16.0.32510.428
MinimumVisualStudioVersion = 10.0.40219.1
Project("{FAE04EC0-301F-11D3-BF4B-00C04F79EFBC}") = "Encapsulamento", "Encapsulamento\Encapsulamento.csproj", "{A1F13D78-4B83-4B2A-B7DE-66DE2BC1AAA1}"
EndProject
Global
	GlobalSection(SolutionConfigurationPlatforms) = preSolution
		Debug|Any CPU = Debug|Any CPU
		Release|Any CPU = Release|Any CPU
	EndGlobalSection
	GlobalSection(ProjectConfigurationPlatforms) = postSolution
		{A1F13D78-4B83-4B2A-B7DE-66DE2BC1AAA1}.Debug|Any CPU.ActiveCfg = Debug|Any CPU
		{A1F13D78-4B83-4B2A-B7DE-66DE2BC1AAA1}.Debug|Any CPU.Build.0 = Debug|Any CPU
		{A1F13D78-4B83-4B2A-B7DE-66DE2BC1AAA1}.Release|Any CPU.ActiveCfg = Release|Any CPU
		{A1F13D78-4B83-4B2A-B7DE-66DE2BC1AAA1}.Release|Any CPU.Build.0 = Release|Any CPU
	EndGlobalSection
	GlobalSection(SolutionProperties) = preSolution
		HideSolutionNode = FALSE
	EndGlobalSection
	GlobalSection(ExtensibilityGlobals) = postSolution
		SolutionGuid = {1957523B-B7B5-4790-98E4-7A6EFF2E3BC0}
	EndGlobalSection
EndGlobal
