
Microsoft Visual Studio Solution File, Format Version 12.00
# Visual Studio Version 16
VisualStudioVersion = 16.0.32630.194
MinimumVisualStudioVersion = 10.0.40219.1
Project("{FAE04EC0-301F-11D3-BF4B-00C04F79EFBC}") = "Enum_exercicio", "Enum_exercicio\Enum_exercicio.csproj", "{9BF7842A-DE59-47C9-BF84-89BF0098F1F4}"
EndProject
Global
	GlobalSection(SolutionConfigurationPlatforms) = preSolution
		Debug|Any CPU = Debug|Any CPU
		Release|Any CPU = Release|Any CPU
	EndGlobalSection
	GlobalSection(ProjectConfigurationPlatforms) = postSolution
		{9BF7842A-DE59-47C9-BF84-89BF0098F1F4}.Debug|Any CPU.ActiveCfg = Debug|Any CPU
		{9BF7842A-DE59-47C9-BF84-89BF0098F1F4}.Debug|Any CPU.Build.0 = Debug|Any CPU
		{9BF7842A-DE59-47C9-BF84-89BF0098F1F4}.Release|Any CPU.ActiveCfg = Release|Any CPU
		{9BF7842A-DE59-47C9-BF84-89BF0098F1F4}.Release|Any CPU.Build.0 = Release|Any CPU
	EndGlobalSection
	GlobalSection(SolutionProperties) = preSolution
		HideSolutionNode = FALSE
	EndGlobalSection
	GlobalSection(ExtensibilityGlobals) = postSolution
		SolutionGuid = {9BDC1267-57EF-4100-BBA4-43BC0F6153AF}
	EndGlobalSection
EndGlobal
