
Microsoft Visual Studio Solution File, Format Version 12.00
# Visual Studio Version 16
VisualStudioVersion = 16.0.32630.194
MinimumVisualStudioVersion = 10.0.40219.1
Project("{FAE04EC0-301F-11D3-BF4B-00C04F79EFBC}") = "Hash_Conjunto_atividade", "Hash_Conjunto_atividade\Hash_Conjunto_atividade.csproj", "{6DF54F5C-11C0-45B6-8DA3-CB6241FED27E}"
EndProject
Global
	GlobalSection(SolutionConfigurationPlatforms) = preSolution
		Debug|Any CPU = Debug|Any CPU
		Release|Any CPU = Release|Any CPU
	EndGlobalSection
	GlobalSection(ProjectConfigurationPlatforms) = postSolution
		{6DF54F5C-11C0-45B6-8DA3-CB6241FED27E}.Debug|Any CPU.ActiveCfg = Debug|Any CPU
		{6DF54F5C-11C0-45B6-8DA3-CB6241FED27E}.Debug|Any CPU.Build.0 = Debug|Any CPU
		{6DF54F5C-11C0-45B6-8DA3-CB6241FED27E}.Release|Any CPU.ActiveCfg = Release|Any CPU
		{6DF54F5C-11C0-45B6-8DA3-CB6241FED27E}.Release|Any CPU.Build.0 = Release|Any CPU
	EndGlobalSection
	GlobalSection(SolutionProperties) = preSolution
		HideSolutionNode = FALSE
	EndGlobalSection
	GlobalSection(ExtensibilityGlobals) = postSolution
		SolutionGuid = {62532C2D-5E84-4BF3-BD93-8B030E9BF220}
	EndGlobalSection
EndGlobal
