
Microsoft Visual Studio Solution File, Format Version 12.00
# Visual Studio Version 16
VisualStudioVersion = 16.0.32630.194
MinimumVisualStudioVersion = 10.0.40219.1
Project("{FAE04EC0-301F-11D3-BF4B-00C04F79EFBC}") = "Properties", "Properties\Properties.csproj", "{637CAA33-7000-4141-B2CB-E087A6F4EABD}"
EndProject
Global
	GlobalSection(SolutionConfigurationPlatforms) = preSolution
		Debug|Any CPU = Debug|Any CPU
		Release|Any CPU = Release|Any CPU
	EndGlobalSection
	GlobalSection(ProjectConfigurationPlatforms) = postSolution
		{637CAA33-7000-4141-B2CB-E087A6F4EABD}.Debug|Any CPU.ActiveCfg = Debug|Any CPU
		{637CAA33-7000-4141-B2CB-E087A6F4EABD}.Debug|Any CPU.Build.0 = Debug|Any CPU
		{637CAA33-7000-4141-B2CB-E087A6F4EABD}.Release|Any CPU.ActiveCfg = Release|Any CPU
		{637CAA33-7000-4141-B2CB-E087A6F4EABD}.Release|Any CPU.Build.0 = Release|Any CPU
	EndGlobalSection
	GlobalSection(SolutionProperties) = preSolution
		HideSolutionNode = FALSE
	EndGlobalSection
	GlobalSection(ExtensibilityGlobals) = postSolution
		SolutionGuid = {CB7B2EC9-03AD-4BE8-9D70-112F53882ECA}
	EndGlobalSection
EndGlobal
