
Microsoft Visual Studio Solution File, Format Version 12.00
# Visual Studio Version 16
VisualStudioVersion = 16.0.32630.194
MinimumVisualStudioVersion = 10.0.40219.1
Project("{FAE04EC0-301F-11D3-BF4B-00C04F79EFBC}") = "AtividadePredicate", "AtividadePredicate\AtividadePredicate.csproj", "{3EE0D831-CC9F-432F-B3AF-88B4D940043E}"
EndProject
Global
	GlobalSection(SolutionConfigurationPlatforms) = preSolution
		Debug|Any CPU = Debug|Any CPU
		Release|Any CPU = Release|Any CPU
	EndGlobalSection
	GlobalSection(ProjectConfigurationPlatforms) = postSolution
		{3EE0D831-CC9F-432F-B3AF-88B4D940043E}.Debug|Any CPU.ActiveCfg = Debug|Any CPU
		{3EE0D831-CC9F-432F-B3AF-88B4D940043E}.Debug|Any CPU.Build.0 = Debug|Any CPU
		{3EE0D831-CC9F-432F-B3AF-88B4D940043E}.Release|Any CPU.ActiveCfg = Release|Any CPU
		{3EE0D831-CC9F-432F-B3AF-88B4D940043E}.Release|Any CPU.Build.0 = Release|Any CPU
	EndGlobalSection
	GlobalSection(SolutionProperties) = preSolution
		HideSolutionNode = FALSE
	EndGlobalSection
	GlobalSection(ExtensibilityGlobals) = postSolution
		SolutionGuid = {833C0FB4-B8C1-4F3E-BCC8-9B456DA94305}
	EndGlobalSection
EndGlobal
