
Microsoft Visual Studio Solution File, Format Version 12.00
# Visual Studio Version 16
VisualStudioVersion = 16.0.32630.194
MinimumVisualStudioVersion = 10.0.40219.1
Project("{FAE04EC0-301F-11D3-BF4B-00C04F79EFBC}") = "SobreposicaoExercicio2", "SobreposicaoExercicio2\SobreposicaoExercicio2.csproj", "{73383AA7-3D4D-4667-846C-323438C440F6}"
EndProject
Global
	GlobalSection(SolutionConfigurationPlatforms) = preSolution
		Debug|Any CPU = Debug|Any CPU
		Release|Any CPU = Release|Any CPU
	EndGlobalSection
	GlobalSection(ProjectConfigurationPlatforms) = postSolution
		{73383AA7-3D4D-4667-846C-323438C440F6}.Debug|Any CPU.ActiveCfg = Debug|Any CPU
		{73383AA7-3D4D-4667-846C-323438C440F6}.Debug|Any CPU.Build.0 = Debug|Any CPU
		{73383AA7-3D4D-4667-846C-323438C440F6}.Release|Any CPU.ActiveCfg = Release|Any CPU
		{73383AA7-3D4D-4667-846C-323438C440F6}.Release|Any CPU.Build.0 = Release|Any CPU
	EndGlobalSection
	GlobalSection(SolutionProperties) = preSolution
		HideSolutionNode = FALSE
	EndGlobalSection
	GlobalSection(ExtensibilityGlobals) = postSolution
		SolutionGuid = {3A1871CF-F6E8-459F-98EA-980700ACEC09}
	EndGlobalSection
EndGlobal
