
Microsoft Visual Studio Solution File, Format Version 12.00
# Visual Studio Version 16
VisualStudioVersion = 16.0.32630.194
MinimumVisualStudioVersion = 10.0.40219.1
Project("{FAE04EC0-301F-11D3-BF4B-00C04F79EFBC}") = "MetodoAbastratoExercicio", "MetodoAbastratoExercicio\MetodoAbastratoExercicio.csproj", "{0AC2AC81-B622-44BA-87EC-E71B8AFC142D}"
EndProject
Global
	GlobalSection(SolutionConfigurationPlatforms) = preSolution
		Debug|Any CPU = Debug|Any CPU
		Release|Any CPU = Release|Any CPU
	EndGlobalSection
	GlobalSection(ProjectConfigurationPlatforms) = postSolution
		{0AC2AC81-B622-44BA-87EC-E71B8AFC142D}.Debug|Any CPU.ActiveCfg = Debug|Any CPU
		{0AC2AC81-B622-44BA-87EC-E71B8AFC142D}.Debug|Any CPU.Build.0 = Debug|Any CPU
		{0AC2AC81-B622-44BA-87EC-E71B8AFC142D}.Release|Any CPU.ActiveCfg = Release|Any CPU
		{0AC2AC81-B622-44BA-87EC-E71B8AFC142D}.Release|Any CPU.Build.0 = Release|Any CPU
	EndGlobalSection
	GlobalSection(SolutionProperties) = preSolution
		HideSolutionNode = FALSE
	EndGlobalSection
	GlobalSection(ExtensibilityGlobals) = postSolution
		SolutionGuid = {1E671D0F-7AC8-4DEA-82B5-E5B512314D04}
	EndGlobalSection
EndGlobal
